// !$*UTF8*$!
{
	archiveVersion = 1;
	classes = {
	};
	objectVersion = 54;
	objects = {

/* Begin PBXBuildFile section */
		01435BF6AD0AEE3CA6F79FA2 /* Pods_UberPath.framework in Frameworks */ = {isa = PBXBuildFile; fileRef = D679975D5C7E94303A8549F2 /* Pods_UberPath.framework */; };
		1326A74C2A4565DF00BB4E39 /* Fonts.swift in Sources */ = {isa = PBXBuildFile; fileRef = 1326A74B2A4565DF00BB4E39 /* Fonts.swift */; };
		1326A7512A459A2300BB4E39 /* AuthenticationVC.swift in Sources */ = {isa = PBXBuildFile; fileRef = 1326A7502A459A2300BB4E39 /* AuthenticationVC.swift */; };
		1326A7532A45A76200BB4E39 /* RoundRadius.swift in Sources */ = {isa = PBXBuildFile; fileRef = 1326A7522A45A76200BB4E39 /* RoundRadius.swift */; };
		133DE36B2A499042003C2C60 /* CountryofResidenceVC.swift in Sources */ = {isa = PBXBuildFile; fileRef = 133DE36A2A499042003C2C60 /* CountryofResidenceVC.swift */; };
		133DE36D2A49B7F1003C2C60 /* OTPAuthenticationVC.swift in Sources */ = {isa = PBXBuildFile; fileRef = 133DE36C2A49B7F1003C2C60 /* OTPAuthenticationVC.swift */; };
		134864B62A67A25C00D8EB32 /* TableViewOneAndTwoCell.swift in Sources */ = {isa = PBXBuildFile; fileRef = 134864B42A67A25C00D8EB32 /* TableViewOneAndTwoCell.swift */; };
		134864B72A67A25C00D8EB32 /* TableViewOneAndTwoCell.xib in Resources */ = {isa = PBXBuildFile; fileRef = 134864B52A67A25C00D8EB32 /* TableViewOneAndTwoCell.xib */; };
		134864BA2A67A8B900D8EB32 /* MoreVC.swift in Sources */ = {isa = PBXBuildFile; fileRef = 134864B92A67A8B800D8EB32 /* MoreVC.swift */; };
		134864BC2A67AA8000D8EB32 /* MoreVCTableViewCell.swift in Sources */ = {isa = PBXBuildFile; fileRef = 134864BB2A67AA8000D8EB32 /* MoreVCTableViewCell.swift */; };
		134864C12A67B09100D8EB32 /* ATMFinderVC.swift in Sources */ = {isa = PBXBuildFile; fileRef = 134864C02A67B09100D8EB32 /* ATMFinderVC.swift */; };
		134864C42A67B20600D8EB32 /* ChatAsistantVC.swift in Sources */ = {isa = PBXBuildFile; fileRef = 134864C32A67B20600D8EB32 /* ChatAsistantVC.swift */; };
		134864C72A67B22E00D8EB32 /* TopUpVC.swift in Sources */ = {isa = PBXBuildFile; fileRef = 134864C62A67B22E00D8EB32 /* TopUpVC.swift */; };
		134864C92A67C1D000D8EB32 /* ATMFinderDetailVC.swift in Sources */ = {isa = PBXBuildFile; fileRef = 134864C82A67C1D000D8EB32 /* ATMFinderDetailVC.swift */; };
		134864CB2A67E70300D8EB32 /* ATMFinderResultVC.swift in Sources */ = {isa = PBXBuildFile; fileRef = 134864CA2A67E70300D8EB32 /* ATMFinderResultVC.swift */; };
		134864CD2A6803F000D8EB32 /* ChatAsistantVCTableViewModel.swift in Sources */ = {isa = PBXBuildFile; fileRef = 134864CC2A6803F000D8EB32 /* ChatAsistantVCTableViewModel.swift */; };
		134864CF2A68056C00D8EB32 /* ChatAsistantVCTableViewCell.swift in Sources */ = {isa = PBXBuildFile; fileRef = 134864CE2A68056C00D8EB32 /* ChatAsistantVCTableViewCell.swift */; };
		135134592A66664300DCCF19 /* HistoryTrasactionVC.swift in Sources */ = {isa = PBXBuildFile; fileRef = 135134582A66664300DCCF19 /* HistoryTrasactionVC.swift */; };
		135134672A66B41A00DCCF19 /* TableViewThreeCell.swift in Sources */ = {isa = PBXBuildFile; fileRef = 135134662A66B41A00DCCF19 /* TableViewThreeCell.swift */; };
		135134692A66B4C500DCCF19 /* TableViewThreeModel.swift in Sources */ = {isa = PBXBuildFile; fileRef = 135134682A66B4C500DCCF19 /* TableViewThreeModel.swift */; };
		1360B5FD2A494A11001FD948 /* GoogleService-Info.plist in Resources */ = {isa = PBXBuildFile; fileRef = 1360B5FC2A494A11001FD948 /* GoogleService-Info.plist */; };
		1360B6072A496A7F001FD948 /* AuthenticationModel.swift in Sources */ = {isa = PBXBuildFile; fileRef = 1360B6062A496A7F001FD948 /* AuthenticationModel.swift */; };
		136A00982A610F7500A5E74E /* NotificationVCCell.swift in Sources */ = {isa = PBXBuildFile; fileRef = 136A00962A610F7500A5E74E /* NotificationVCCell.swift */; };
		136A00992A610F7500A5E74E /* NotificationVCCell.xib in Resources */ = {isa = PBXBuildFile; fileRef = 136A00972A610F7500A5E74E /* NotificationVCCell.xib */; };
		136A009B2A61134000A5E74E /* NotificationVCModel.swift in Sources */ = {isa = PBXBuildFile; fileRef = 136A009A2A61134000A5E74E /* NotificationVCModel.swift */; };
		136A009D2A6122D700A5E74E /* CollectionViewOneCell.swift in Sources */ = {isa = PBXBuildFile; fileRef = 136A009C2A6122D700A5E74E /* CollectionViewOneCell.swift */; };
		136FE6862A5BD10F006FDE26 /* MyCardCell.swift in Sources */ = {isa = PBXBuildFile; fileRef = 136FE6852A5BD10F006FDE26 /* MyCardCell.swift */; };
		136FE6882A5BD8E3006FDE26 /* AddNewCardVC.swift in Sources */ = {isa = PBXBuildFile; fileRef = 136FE6872A5BD8E3006FDE26 /* AddNewCardVC.swift */; };
		136FE68A2A5BD9C7006FDE26 /* AddNewCardCellTableViewCell.swift in Sources */ = {isa = PBXBuildFile; fileRef = 136FE6892A5BD9C7006FDE26 /* AddNewCardCellTableViewCell.swift */; };
		136FE68C2A5BE721006FDE26 /* EditCardVC.swift in Sources */ = {isa = PBXBuildFile; fileRef = 136FE68B2A5BE721006FDE26 /* EditCardVC.swift */; };
		136FE68E2A5C1BB1006FDE26 /* ProfileVCCell.swift in Sources */ = {isa = PBXBuildFile; fileRef = 136FE68D2A5C1BB1006FDE26 /* ProfileVCCell.swift */; };
		136FE6902A5C315D006FDE26 /* AccountInfoVC.swift in Sources */ = {isa = PBXBuildFile; fileRef = 136FE68F2A5C315D006FDE26 /* AccountInfoVC.swift */; };
		136FF0232A57D99600907C9F /* TransfersVC.swift in Sources */ = {isa = PBXBuildFile; fileRef = 136FF0222A57D99600907C9F /* TransfersVC.swift */; };
		136FF0262A57E04400907C9F /* IQKeyboardManagerSwift in Frameworks */ = {isa = PBXBuildFile; productRef = 136FF0252A57E04400907C9F /* IQKeyboardManagerSwift */; };
		137288A92A650B0A00187267 /* TableViewCell.swift in Sources */ = {isa = PBXBuildFile; fileRef = 137288A82A650B0A00187267 /* TableViewCell.swift */; };
		137288AB2A650BF800187267 /* TableViewModel.swift in Sources */ = {isa = PBXBuildFile; fileRef = 137288AA2A650BF800187267 /* TableViewModel.swift */; };
		137288AD2A653C4800187267 /* CollectionViewTwoCell.swift in Sources */ = {isa = PBXBuildFile; fileRef = 137288AC2A653C4800187267 /* CollectionViewTwoCell.swift */; };
		137288AF2A653D6D00187267 /* CollectionViewTwoModel.swift in Sources */ = {isa = PBXBuildFile; fileRef = 137288AE2A653D6D00187267 /* CollectionViewTwoModel.swift */; };
		137288B22A654D6200187267 /* WithdrawVC.swift in Sources */ = {isa = PBXBuildFile; fileRef = 137288B12A654D6200187267 /* WithdrawVC.swift */; };
		137288B42A656C4600187267 /* SelectBankWithdrawVC.swift in Sources */ = {isa = PBXBuildFile; fileRef = 137288B32A656C4600187267 /* SelectBankWithdrawVC.swift */; };
		137CE6702A4AA3B200B40F2D /* FirebaseAuth in Frameworks */ = {isa = PBXBuildFile; productRef = 137CE66F2A4AA3B200B40F2D /* FirebaseAuth */; };
		137CE6722A4AA3B200B40F2D /* FirebaseFirestore in Frameworks */ = {isa = PBXBuildFile; productRef = 137CE6712A4AA3B200B40F2D /* FirebaseFirestore */; };
		137CE6742A4AA3B200B40F2D /* FirebaseFirestoreSwift in Frameworks */ = {isa = PBXBuildFile; productRef = 137CE6732A4AA3B200B40F2D /* FirebaseFirestoreSwift */; };
		137CE6762A4ADEB500B40F2D /* VerifyYourIdentityVC.swift in Sources */ = {isa = PBXBuildFile; fileRef = 137CE6752A4ADEB500B40F2D /* VerifyYourIdentityVC.swift */; };
		137CE6792A4AF66100B40F2D /* ResetYourPasswordVC.swift in Sources */ = {isa = PBXBuildFile; fileRef = 137CE6782A4AF66100B40F2D /* ResetYourPasswordVC.swift */; };
		137CE67B2A4B05F300B40F2D /* ReasonsVC.swift in Sources */ = {isa = PBXBuildFile; fileRef = 137CE67A2A4B05F300B40F2D /* ReasonsVC.swift */; };
		138924742A4D5B940018BBEF /* CreateCardVC.swift in Sources */ = {isa = PBXBuildFile; fileRef = 138924732A4D5B940018BBEF /* CreateCardVC.swift */; };
		138924762A4D700E0018BBEF /* CardCell.swift in Sources */ = {isa = PBXBuildFile; fileRef = 138924752A4D700E0018BBEF /* CardCell.swift */; };
		138924782A4D80100018BBEF /* NewCardVC.swift in Sources */ = {isa = PBXBuildFile; fileRef = 138924772A4D80100018BBEF /* NewCardVC.swift */; };
		139314D22A528D8A00248D92 /* HomeVC.swift in Sources */ = {isa = PBXBuildFile; fileRef = 139314D12A528D8A00248D92 /* HomeVC.swift */; };
		139314D42A528DAC00248D92 /* MyCardVC.swift in Sources */ = {isa = PBXBuildFile; fileRef = 139314D32A528DAC00248D92 /* MyCardVC.swift */; };
		139314D62A528DC100248D92 /* ActivityVC.swift in Sources */ = {isa = PBXBuildFile; fileRef = 139314D52A528DC100248D92 /* ActivityVC.swift */; };
		139314D82A528DD900248D92 /* ProfileVC.swift in Sources */ = {isa = PBXBuildFile; fileRef = 139314D72A528DD900248D92 /* ProfileVC.swift */; };
		1396C8892A60279100FA4526 /* NotificationVC.swift in Sources */ = {isa = PBXBuildFile; fileRef = 1396C8882A60279100FA4526 /* NotificationVC.swift */; };
		13A12AA82A445F1A00532BC6 /* AppDelegate.swift in Sources */ = {isa = PBXBuildFile; fileRef = 13A12AA72A445F1A00532BC6 /* AppDelegate.swift */; };
		13A12AAA2A445F1A00532BC6 /* SceneDelegate.swift in Sources */ = {isa = PBXBuildFile; fileRef = 13A12AA92A445F1A00532BC6 /* SceneDelegate.swift */; };
		13A12AAC2A445F1A00532BC6 /* OnboardingVC.swift in Sources */ = {isa = PBXBuildFile; fileRef = 13A12AAB2A445F1A00532BC6 /* OnboardingVC.swift */; };
		13A12AAF2A445F1A00532BC6 /* Main.storyboard in Resources */ = {isa = PBXBuildFile; fileRef = 13A12AAD2A445F1A00532BC6 /* Main.storyboard */; };
		13A12AB12A445F1D00532BC6 /* Assets.xcassets in Resources */ = {isa = PBXBuildFile; fileRef = 13A12AB02A445F1D00532BC6 /* Assets.xcassets */; };
		13A12AB42A445F1D00532BC6 /* LaunchScreen.storyboard in Resources */ = {isa = PBXBuildFile; fileRef = 13A12AB22A445F1D00532BC6 /* LaunchScreen.storyboard */; };
		13A2A3AA2A4EFDBC00137315 /* Home.storyboard in Resources */ = {isa = PBXBuildFile; fileRef = 13A2A3A92A4EFDBC00137315 /* Home.storyboard */; };
		13A2A3AD2A4EFE0200137315 /* MainTabVC.swift in Sources */ = {isa = PBXBuildFile; fileRef = 13A2A3AC2A4EFE0200137315 /* MainTabVC.swift */; };
		13BB00AE2A4C264900524C82 /* CreatePinVC.swift in Sources */ = {isa = PBXBuildFile; fileRef = 13BB00AD2A4C264900524C82 /* CreatePinVC.swift */; };
		13BB00B02A4C372A00524C82 /* VerifyIdentityVC.swift in Sources */ = {isa = PBXBuildFile; fileRef = 13BB00AF2A4C372A00524C82 /* VerifyIdentityVC.swift */; };
		13BB00B22A4C4B6000524C82 /* CameraVC.swift in Sources */ = {isa = PBXBuildFile; fileRef = 13BB00B12A4C4B6000524C82 /* CameraVC.swift */; };
		13BB00B42A4C517700524C82 /* ProofOfResidencyVC.swift in Sources */ = {isa = PBXBuildFile; fileRef = 13BB00B32A4C517700524C82 /* ProofOfResidencyVC.swift */; };
		13CC92B22A56B8420024643B /* Model.swift in Sources */ = {isa = PBXBuildFile; fileRef = 13CC92B12A56B8420024643B /* Model.swift */; };
		13CC92B42A56DA250024643B /* TransferSuccessfulVC.swift in Sources */ = {isa = PBXBuildFile; fileRef = 13CC92B32A56DA250024643B /* TransferSuccessfulVC.swift */; };
		13CD19082A5E62AF0014C3D0 /* LanguageVCCell.swift in Sources */ = {isa = PBXBuildFile; fileRef = 13CD19072A5E62AF0014C3D0 /* LanguageVCCell.swift */; };
		13CD190B2A5E6E250014C3D0 /* CountryKit in Frameworks */ = {isa = PBXBuildFile; productRef = 13CD190A2A5E6E250014C3D0 /* CountryKit */; };
		13CD190D2A5E82EC0014C3D0 /* CountryModel.swift in Sources */ = {isa = PBXBuildFile; fileRef = 13CD190C2A5E82EC0014C3D0 /* CountryModel.swift */; };
		13CD190F2A5EC4B90014C3D0 /* IBinspectable.swift in Sources */ = {isa = PBXBuildFile; fileRef = 13CD190E2A5EC4B90014C3D0 /* IBinspectable.swift */; };
		13D9D5752A55416A00E3AE75 /* ChooseCardsCell.swift in Sources */ = {isa = PBXBuildFile; fileRef = 13D9D5742A55416A00E3AE75 /* ChooseCardsCell.swift */; };
		13D9D5772A5541A300E3AE75 /* ChooseRecipientsCell.swift in Sources */ = {isa = PBXBuildFile; fileRef = 13D9D5762A5541A300E3AE75 /* ChooseRecipientsCell.swift */; };
		13DE6FB72A53F9E000384D8F /* ScanQRCodeVC.swift in Sources */ = {isa = PBXBuildFile; fileRef = 13DE6FB62A53F9E000384D8F /* ScanQRCodeVC.swift */; };
		13E61B8D2A568C910047F43B /* TransferDetailVC.swift in Sources */ = {isa = PBXBuildFile; fileRef = 13E61B8C2A568C910047F43B /* TransferDetailVC.swift */; };
		13E69C312A5D1B5200313832 /* EditAccountVC.swift in Sources */ = {isa = PBXBuildFile; fileRef = 13E69C302A5D1B5200313832 /* EditAccountVC.swift */; };
		13E69C3B2A5D4D0B00313832 /* ReferralCodeVC.swift in Sources */ = {isa = PBXBuildFile; fileRef = 13E69C3A2A5D4D0B00313832 /* ReferralCodeVC.swift */; };
		13E69C3D2A5D4D2D00313832 /* ContactListVC.swift in Sources */ = {isa = PBXBuildFile; fileRef = 13E69C3C2A5D4D2D00313832 /* ContactListVC.swift */; };
		13E69C3F2A5D4D4700313832 /* LanguageVC.swift in Sources */ = {isa = PBXBuildFile; fileRef = 13E69C3E2A5D4D4700313832 /* LanguageVC.swift */; };
		13E69C412A5D4D6300313832 /* GeneralSettingVC.swift in Sources */ = {isa = PBXBuildFile; fileRef = 13E69C402A5D4D6300313832 /* GeneralSettingVC.swift */; };
		13E69C472A5D4DC300313832 /* FAQsVC.swift in Sources */ = {isa = PBXBuildFile; fileRef = 13E69C462A5D4DC300313832 /* FAQsVC.swift */; };
		13E69C4B2A5D584400313832 /* ImagePicker.swift in Sources */ = {isa = PBXBuildFile; fileRef = 13E69C4A2A5D584400313832 /* ImagePicker.swift */; };
		13E69C4E2A5D7BD100313832 /* ContactsCell.swift in Sources */ = {isa = PBXBuildFile; fileRef = 13E69C4C2A5D7BD100313832 /* ContactsCell.swift */; };
		13E69C4F2A5D7BD100313832 /* ContactsCell.xib in Resources */ = {isa = PBXBuildFile; fileRef = 13E69C4D2A5D7BD100313832 /* ContactsCell.xib */; };
		13FAAB0D2A5FB5F300FD49AD /* AddFingerPrintVC.swift in Sources */ = {isa = PBXBuildFile; fileRef = 13FAAB0C2A5FB5F300FD49AD /* AddFingerPrintVC.swift */; };
		13FAAB0F2A5FBF8F00FD49AD /* cell.swift in Sources */ = {isa = PBXBuildFile; fileRef = 13FAAB0E2A5FBF8F00FD49AD /* cell.swift */; };
		13FAAB112A5FC0D300FD49AD /* cellModelForFAQsVCCell.swift in Sources */ = {isa = PBXBuildFile; fileRef = 13FAAB102A5FC0D300FD49AD /* cellModelForFAQsVCCell.swift */; };
/* End PBXBuildFile section */

/* Begin PBXFileReference section */
		1326A74B2A4565DF00BB4E39 /* Fonts.swift */ = {isa = PBXFileReference; lastKnownFileType = sourcecode.swift; path = Fonts.swift; sourceTree = "<group>"; };
		1326A7502A459A2300BB4E39 /* AuthenticationVC.swift */ = {isa = PBXFileReference; lastKnownFileType = sourcecode.swift; path = AuthenticationVC.swift; sourceTree = "<group>"; };
		1326A7522A45A76200BB4E39 /* RoundRadius.swift */ = {isa = PBXFileReference; lastKnownFileType = sourcecode.swift; path = RoundRadius.swift; sourceTree = "<group>"; };
		133DE3692A498BAA003C2C60 /* UberPath.entitlements */ = {isa = PBXFileReference; lastKnownFileType = text.plist.entitlements; path = UberPath.entitlements; sourceTree = "<group>"; };
		133DE36A2A499042003C2C60 /* CountryofResidenceVC.swift */ = {isa = PBXFileReference; lastKnownFileType = sourcecode.swift; path = CountryofResidenceVC.swift; sourceTree = "<group>"; };
		133DE36C2A49B7F1003C2C60 /* OTPAuthenticationVC.swift */ = {isa = PBXFileReference; lastKnownFileType = sourcecode.swift; path = OTPAuthenticationVC.swift; sourceTree = "<group>"; };
		134864B42A67A25C00D8EB32 /* TableViewOneAndTwoCell.swift */ = {isa = PBXFileReference; lastKnownFileType = sourcecode.swift; path = TableViewOneAndTwoCell.swift; sourceTree = "<group>"; };
		134864B52A67A25C00D8EB32 /* TableViewOneAndTwoCell.xib */ = {isa = PBXFileReference; lastKnownFileType = file.xib; path = TableViewOneAndTwoCell.xib; sourceTree = "<group>"; };
		134864B92A67A8B800D8EB32 /* MoreVC.swift */ = {isa = PBXFileReference; lastKnownFileType = sourcecode.swift; path = MoreVC.swift; sourceTree = "<group>"; };
		134864BB2A67AA8000D8EB32 /* MoreVCTableViewCell.swift */ = {isa = PBXFileReference; lastKnownFileType = sourcecode.swift; path = MoreVCTableViewCell.swift; sourceTree = "<group>"; };
		134864C02A67B09100D8EB32 /* ATMFinderVC.swift */ = {isa = PBXFileReference; lastKnownFileType = sourcecode.swift; path = ATMFinderVC.swift; sourceTree = "<group>"; };
		134864C32A67B20600D8EB32 /* ChatAsistantVC.swift */ = {isa = PBXFileReference; lastKnownFileType = sourcecode.swift; path = ChatAsistantVC.swift; sourceTree = "<group>"; };
		134864C62A67B22E00D8EB32 /* TopUpVC.swift */ = {isa = PBXFileReference; lastKnownFileType = sourcecode.swift; path = TopUpVC.swift; sourceTree = "<group>"; };
		134864C82A67C1D000D8EB32 /* ATMFinderDetailVC.swift */ = {isa = PBXFileReference; lastKnownFileType = sourcecode.swift; path = ATMFinderDetailVC.swift; sourceTree = "<group>"; };
		134864CA2A67E70300D8EB32 /* ATMFinderResultVC.swift */ = {isa = PBXFileReference; lastKnownFileType = sourcecode.swift; path = ATMFinderResultVC.swift; sourceTree = "<group>"; };
		134864CC2A6803F000D8EB32 /* ChatAsistantVCTableViewModel.swift */ = {isa = PBXFileReference; lastKnownFileType = sourcecode.swift; path = ChatAsistantVCTableViewModel.swift; sourceTree = "<group>"; };
		134864CE2A68056C00D8EB32 /* ChatAsistantVCTableViewCell.swift */ = {isa = PBXFileReference; lastKnownFileType = sourcecode.swift; path = ChatAsistantVCTableViewCell.swift; sourceTree = "<group>"; };
		135134582A66664300DCCF19 /* HistoryTrasactionVC.swift */ = {isa = PBXFileReference; lastKnownFileType = sourcecode.swift; path = HistoryTrasactionVC.swift; sourceTree = "<group>"; };
		135134662A66B41A00DCCF19 /* TableViewThreeCell.swift */ = {isa = PBXFileReference; lastKnownFileType = sourcecode.swift; path = TableViewThreeCell.swift; sourceTree = "<group>"; };
		135134682A66B4C500DCCF19 /* TableViewThreeModel.swift */ = {isa = PBXFileReference; lastKnownFileType = sourcecode.swift; path = TableViewThreeModel.swift; sourceTree = "<group>"; };
		1360B5FC2A494A11001FD948 /* GoogleService-Info.plist */ = {isa = PBXFileReference; fileEncoding = 4; lastKnownFileType = text.plist.xml; path = "GoogleService-Info.plist"; sourceTree = "<group>"; };
		1360B6062A496A7F001FD948 /* AuthenticationModel.swift */ = {isa = PBXFileReference; lastKnownFileType = sourcecode.swift; path = AuthenticationModel.swift; sourceTree = "<group>"; };
		136A00962A610F7500A5E74E /* NotificationVCCell.swift */ = {isa = PBXFileReference; lastKnownFileType = sourcecode.swift; path = NotificationVCCell.swift; sourceTree = "<group>"; };
		136A00972A610F7500A5E74E /* NotificationVCCell.xib */ = {isa = PBXFileReference; lastKnownFileType = file.xib; path = NotificationVCCell.xib; sourceTree = "<group>"; };
		136A009A2A61134000A5E74E /* NotificationVCModel.swift */ = {isa = PBXFileReference; lastKnownFileType = sourcecode.swift; path = NotificationVCModel.swift; sourceTree = "<group>"; };
		136A009C2A6122D700A5E74E /* CollectionViewOneCell.swift */ = {isa = PBXFileReference; lastKnownFileType = sourcecode.swift; path = CollectionViewOneCell.swift; sourceTree = "<group>"; };
		136FE6852A5BD10F006FDE26 /* MyCardCell.swift */ = {isa = PBXFileReference; lastKnownFileType = sourcecode.swift; path = MyCardCell.swift; sourceTree = "<group>"; };
		136FE6872A5BD8E3006FDE26 /* AddNewCardVC.swift */ = {isa = PBXFileReference; lastKnownFileType = sourcecode.swift; path = AddNewCardVC.swift; sourceTree = "<group>"; };
		136FE6892A5BD9C7006FDE26 /* AddNewCardCellTableViewCell.swift */ = {isa = PBXFileReference; lastKnownFileType = sourcecode.swift; path = AddNewCardCellTableViewCell.swift; sourceTree = "<group>"; };
		136FE68B2A5BE721006FDE26 /* EditCardVC.swift */ = {isa = PBXFileReference; lastKnownFileType = sourcecode.swift; path = EditCardVC.swift; sourceTree = "<group>"; };
		136FE68D2A5C1BB1006FDE26 /* ProfileVCCell.swift */ = {isa = PBXFileReference; lastKnownFileType = sourcecode.swift; path = ProfileVCCell.swift; sourceTree = "<group>"; };
		136FE68F2A5C315D006FDE26 /* AccountInfoVC.swift */ = {isa = PBXFileReference; lastKnownFileType = sourcecode.swift; path = AccountInfoVC.swift; sourceTree = "<group>"; };
		136FF0222A57D99600907C9F /* TransfersVC.swift */ = {isa = PBXFileReference; lastKnownFileType = sourcecode.swift; path = TransfersVC.swift; sourceTree = "<group>"; };
		137288A82A650B0A00187267 /* TableViewCell.swift */ = {isa = PBXFileReference; lastKnownFileType = sourcecode.swift; path = TableViewCell.swift; sourceTree = "<group>"; };
		137288AA2A650BF800187267 /* TableViewModel.swift */ = {isa = PBXFileReference; lastKnownFileType = sourcecode.swift; path = TableViewModel.swift; sourceTree = "<group>"; };
		137288AC2A653C4800187267 /* CollectionViewTwoCell.swift */ = {isa = PBXFileReference; lastKnownFileType = sourcecode.swift; path = CollectionViewTwoCell.swift; sourceTree = "<group>"; };
		137288AE2A653D6D00187267 /* CollectionViewTwoModel.swift */ = {isa = PBXFileReference; lastKnownFileType = sourcecode.swift; path = CollectionViewTwoModel.swift; sourceTree = "<group>"; };
		137288B12A654D6200187267 /* WithdrawVC.swift */ = {isa = PBXFileReference; lastKnownFileType = sourcecode.swift; path = WithdrawVC.swift; sourceTree = "<group>"; };
		137288B32A656C4600187267 /* SelectBankWithdrawVC.swift */ = {isa = PBXFileReference; lastKnownFileType = sourcecode.swift; path = SelectBankWithdrawVC.swift; sourceTree = "<group>"; };
		137CE6752A4ADEB500B40F2D /* VerifyYourIdentityVC.swift */ = {isa = PBXFileReference; lastKnownFileType = sourcecode.swift; path = VerifyYourIdentityVC.swift; sourceTree = "<group>"; };
		137CE6782A4AF66100B40F2D /* ResetYourPasswordVC.swift */ = {isa = PBXFileReference; lastKnownFileType = sourcecode.swift; path = ResetYourPasswordVC.swift; sourceTree = "<group>"; };
		137CE67A2A4B05F300B40F2D /* ReasonsVC.swift */ = {isa = PBXFileReference; lastKnownFileType = sourcecode.swift; path = ReasonsVC.swift; sourceTree = "<group>"; };
		138924732A4D5B940018BBEF /* CreateCardVC.swift */ = {isa = PBXFileReference; lastKnownFileType = sourcecode.swift; path = CreateCardVC.swift; sourceTree = "<group>"; };
		138924752A4D700E0018BBEF /* CardCell.swift */ = {isa = PBXFileReference; lastKnownFileType = sourcecode.swift; path = CardCell.swift; sourceTree = "<group>"; };
		138924772A4D80100018BBEF /* NewCardVC.swift */ = {isa = PBXFileReference; lastKnownFileType = sourcecode.swift; path = NewCardVC.swift; sourceTree = "<group>"; };
		139314D12A528D8A00248D92 /* HomeVC.swift */ = {isa = PBXFileReference; lastKnownFileType = sourcecode.swift; path = HomeVC.swift; sourceTree = "<group>"; };
		139314D32A528DAC00248D92 /* MyCardVC.swift */ = {isa = PBXFileReference; lastKnownFileType = sourcecode.swift; path = MyCardVC.swift; sourceTree = "<group>"; };
		139314D52A528DC100248D92 /* ActivityVC.swift */ = {isa = PBXFileReference; lastKnownFileType = sourcecode.swift; path = ActivityVC.swift; sourceTree = "<group>"; };
		139314D72A528DD900248D92 /* ProfileVC.swift */ = {isa = PBXFileReference; lastKnownFileType = sourcecode.swift; path = ProfileVC.swift; sourceTree = "<group>"; };
		1396C8882A60279100FA4526 /* NotificationVC.swift */ = {isa = PBXFileReference; lastKnownFileType = sourcecode.swift; path = NotificationVC.swift; sourceTree = "<group>"; };
		13A12AA42A445F1A00532BC6 /* UberPath.app */ = {isa = PBXFileReference; explicitFileType = wrapper.application; includeInIndex = 0; path = UberPath.app; sourceTree = BUILT_PRODUCTS_DIR; };
		13A12AA72A445F1A00532BC6 /* AppDelegate.swift */ = {isa = PBXFileReference; lastKnownFileType = sourcecode.swift; path = AppDelegate.swift; sourceTree = "<group>"; };
		13A12AA92A445F1A00532BC6 /* SceneDelegate.swift */ = {isa = PBXFileReference; lastKnownFileType = sourcecode.swift; path = SceneDelegate.swift; sourceTree = "<group>"; };
		13A12AAB2A445F1A00532BC6 /* OnboardingVC.swift */ = {isa = PBXFileReference; lastKnownFileType = sourcecode.swift; path = OnboardingVC.swift; sourceTree = "<group>"; };
		13A12AAE2A445F1A00532BC6 /* Base */ = {isa = PBXFileReference; lastKnownFileType = file.storyboard; name = Base; path = Base.lproj/Main.storyboard; sourceTree = "<group>"; };
		13A12AB02A445F1D00532BC6 /* Assets.xcassets */ = {isa = PBXFileReference; lastKnownFileType = folder.assetcatalog; path = Assets.xcassets; sourceTree = "<group>"; };
		13A12AB32A445F1D00532BC6 /* Base */ = {isa = PBXFileReference; lastKnownFileType = file.storyboard; name = Base; path = Base.lproj/LaunchScreen.storyboard; sourceTree = "<group>"; };
		13A12AB52A445F1D00532BC6 /* Info.plist */ = {isa = PBXFileReference; lastKnownFileType = text.plist.xml; path = Info.plist; sourceTree = "<group>"; };
		13A2A3A92A4EFDBC00137315 /* Home.storyboard */ = {isa = PBXFileReference; lastKnownFileType = file.storyboard; path = Home.storyboard; sourceTree = "<group>"; };
		13A2A3AC2A4EFE0200137315 /* MainTabVC.swift */ = {isa = PBXFileReference; lastKnownFileType = sourcecode.swift; path = MainTabVC.swift; sourceTree = "<group>"; };
		13BB00AD2A4C264900524C82 /* CreatePinVC.swift */ = {isa = PBXFileReference; lastKnownFileType = sourcecode.swift; path = CreatePinVC.swift; sourceTree = "<group>"; };
		13BB00AF2A4C372A00524C82 /* VerifyIdentityVC.swift */ = {isa = PBXFileReference; lastKnownFileType = sourcecode.swift; path = VerifyIdentityVC.swift; sourceTree = "<group>"; };
		13BB00B12A4C4B6000524C82 /* CameraVC.swift */ = {isa = PBXFileReference; lastKnownFileType = sourcecode.swift; path = CameraVC.swift; sourceTree = "<group>"; };
		13BB00B32A4C517700524C82 /* ProofOfResidencyVC.swift */ = {isa = PBXFileReference; lastKnownFileType = sourcecode.swift; path = ProofOfResidencyVC.swift; sourceTree = "<group>"; };
		13CC92B12A56B8420024643B /* Model.swift */ = {isa = PBXFileReference; lastKnownFileType = sourcecode.swift; path = Model.swift; sourceTree = "<group>"; };
		13CC92B32A56DA250024643B /* TransferSuccessfulVC.swift */ = {isa = PBXFileReference; lastKnownFileType = sourcecode.swift; path = TransferSuccessfulVC.swift; sourceTree = "<group>"; };
		13CD19072A5E62AF0014C3D0 /* LanguageVCCell.swift */ = {isa = PBXFileReference; lastKnownFileType = sourcecode.swift; path = LanguageVCCell.swift; sourceTree = "<group>"; };
		13CD190C2A5E82EC0014C3D0 /* CountryModel.swift */ = {isa = PBXFileReference; lastKnownFileType = sourcecode.swift; path = CountryModel.swift; sourceTree = "<group>"; };
		13CD190E2A5EC4B90014C3D0 /* IBinspectable.swift */ = {isa = PBXFileReference; lastKnownFileType = sourcecode.swift; path = IBinspectable.swift; sourceTree = "<group>"; };
		13D9D5742A55416A00E3AE75 /* ChooseCardsCell.swift */ = {isa = PBXFileReference; lastKnownFileType = sourcecode.swift; path = ChooseCardsCell.swift; sourceTree = "<group>"; };
		13D9D5762A5541A300E3AE75 /* ChooseRecipientsCell.swift */ = {isa = PBXFileReference; lastKnownFileType = sourcecode.swift; path = ChooseRecipientsCell.swift; sourceTree = "<group>"; };
		13DE6FB62A53F9E000384D8F /* ScanQRCodeVC.swift */ = {isa = PBXFileReference; lastKnownFileType = sourcecode.swift; path = ScanQRCodeVC.swift; sourceTree = "<group>"; };
		13E61B8C2A568C910047F43B /* TransferDetailVC.swift */ = {isa = PBXFileReference; lastKnownFileType = sourcecode.swift; path = TransferDetailVC.swift; sourceTree = "<group>"; };
		13E69C302A5D1B5200313832 /* EditAccountVC.swift */ = {isa = PBXFileReference; lastKnownFileType = sourcecode.swift; path = EditAccountVC.swift; sourceTree = "<group>"; };
		13E69C3A2A5D4D0B00313832 /* ReferralCodeVC.swift */ = {isa = PBXFileReference; lastKnownFileType = sourcecode.swift; path = ReferralCodeVC.swift; sourceTree = "<group>"; };
		13E69C3C2A5D4D2D00313832 /* ContactListVC.swift */ = {isa = PBXFileReference; lastKnownFileType = sourcecode.swift; path = ContactListVC.swift; sourceTree = "<group>"; };
		13E69C3E2A5D4D4700313832 /* LanguageVC.swift */ = {isa = PBXFileReference; lastKnownFileType = sourcecode.swift; path = LanguageVC.swift; sourceTree = "<group>"; };
		13E69C402A5D4D6300313832 /* GeneralSettingVC.swift */ = {isa = PBXFileReference; lastKnownFileType = sourcecode.swift; path = GeneralSettingVC.swift; sourceTree = "<group>"; };
		13E69C462A5D4DC300313832 /* FAQsVC.swift */ = {isa = PBXFileReference; lastKnownFileType = sourcecode.swift; path = FAQsVC.swift; sourceTree = "<group>"; };
		13E69C4A2A5D584400313832 /* ImagePicker.swift */ = {isa = PBXFileReference; lastKnownFileType = sourcecode.swift; path = ImagePicker.swift; sourceTree = "<group>"; };
		13E69C4C2A5D7BD100313832 /* ContactsCell.swift */ = {isa = PBXFileReference; lastKnownFileType = sourcecode.swift; path = ContactsCell.swift; sourceTree = "<group>"; };
		13E69C4D2A5D7BD100313832 /* ContactsCell.xib */ = {isa = PBXFileReference; lastKnownFileType = file.xib; path = ContactsCell.xib; sourceTree = "<group>"; };
		13FAAB0C2A5FB5F300FD49AD /* AddFingerPrintVC.swift */ = {isa = PBXFileReference; lastKnownFileType = sourcecode.swift; path = AddFingerPrintVC.swift; sourceTree = "<group>"; };
		13FAAB0E2A5FBF8F00FD49AD /* cell.swift */ = {isa = PBXFileReference; lastKnownFileType = sourcecode.swift; path = cell.swift; sourceTree = "<group>"; };
		13FAAB102A5FC0D300FD49AD /* cellModelForFAQsVCCell.swift */ = {isa = PBXFileReference; lastKnownFileType = sourcecode.swift; path = cellModelForFAQsVCCell.swift; sourceTree = "<group>"; };
		A63C70C62231FF3F1946BC21 /* Pods-UberPath.debug.xcconfig */ = {isa = PBXFileReference; includeInIndex = 1; lastKnownFileType = text.xcconfig; name = "Pods-UberPath.debug.xcconfig"; path = "Target Support Files/Pods-UberPath/Pods-UberPath.debug.xcconfig"; sourceTree = "<group>"; };
		D679975D5C7E94303A8549F2 /* Pods_UberPath.framework */ = {isa = PBXFileReference; explicitFileType = wrapper.framework; includeInIndex = 0; path = Pods_UberPath.framework; sourceTree = BUILT_PRODUCTS_DIR; };
		F30BDD2B9C74FD987E7BDB94 /* Pods-UberPath.release.xcconfig */ = {isa = PBXFileReference; includeInIndex = 1; lastKnownFileType = text.xcconfig; name = "Pods-UberPath.release.xcconfig"; path = "Target Support Files/Pods-UberPath/Pods-UberPath.release.xcconfig"; sourceTree = "<group>"; };
/* End PBXFileReference section */

/* Begin PBXFrameworksBuildPhase section */
		13A12AA12A445F1A00532BC6 /* Frameworks */ = {
			isa = PBXFrameworksBuildPhase;
			buildActionMask = 2147483647;
			files = (
				13CD190B2A5E6E250014C3D0 /* CountryKit in Frameworks */,
				136FF0262A57E04400907C9F /* IQKeyboardManagerSwift in Frameworks */,
				01435BF6AD0AEE3CA6F79FA2 /* Pods_UberPath.framework in Frameworks */,
				137CE6702A4AA3B200B40F2D /* FirebaseAuth in Frameworks */,
				137CE6722A4AA3B200B40F2D /* FirebaseFirestore in Frameworks */,
				137CE6742A4AA3B200B40F2D /* FirebaseFirestoreSwift in Frameworks */,
			);
			runOnlyForDeploymentPostprocessing = 0;
		};
/* End PBXFrameworksBuildPhase section */

/* Begin PBXGroup section */
		1326A74A2A4565CD00BB4E39 /* Extensions */ = {
			isa = PBXGroup;
			children = (
				1326A74B2A4565DF00BB4E39 /* Fonts.swift */,
				1326A7522A45A76200BB4E39 /* RoundRadius.swift */,
				13E69C4A2A5D584400313832 /* ImagePicker.swift */,
				13CD190E2A5EC4B90014C3D0 /* IBinspectable.swift */,
			);
			path = Extensions;
			sourceTree = "<group>";
		};
		134864B82A67A89700D8EB32 /* More */ = {
			isa = PBXGroup;
			children = (
				134864B92A67A8B800D8EB32 /* MoreVC.swift */,
				134864BB2A67AA8000D8EB32 /* MoreVCTableViewCell.swift */,
				134864BD2A67B04400D8EB32 /* ATM */,
				134864C22A67B16800D8EB32 /* ChatAsistant */,
				134864C52A67B21600D8EB32 /* TopUp */,
			);
			path = More;
			sourceTree = "<group>";
		};
		134864BD2A67B04400D8EB32 /* ATM */ = {
			isa = PBXGroup;
			children = (
				134864C02A67B09100D8EB32 /* ATMFinderVC.swift */,
				134864C82A67C1D000D8EB32 /* ATMFinderDetailVC.swift */,
				134864CA2A67E70300D8EB32 /* ATMFinderResultVC.swift */,
			);
			path = ATM;
			sourceTree = "<group>";
		};
		134864C22A67B16800D8EB32 /* ChatAsistant */ = {
			isa = PBXGroup;
			children = (
				134864C32A67B20600D8EB32 /* ChatAsistantVC.swift */,
				134864CE2A68056C00D8EB32 /* ChatAsistantVCTableViewCell.swift */,
			);
			path = ChatAsistant;
			sourceTree = "<group>";
		};
		134864C52A67B21600D8EB32 /* TopUp */ = {
			isa = PBXGroup;
			children = (
				134864C62A67B22E00D8EB32 /* TopUpVC.swift */,
			);
			path = TopUp;
			sourceTree = "<group>";
		};
		135134572A66661500DCCF19 /* AllTransaction */ = {
			isa = PBXGroup;
			children = (
				135134582A66664300DCCF19 /* HistoryTrasactionVC.swift */,
				135134662A66B41A00DCCF19 /* TableViewThreeCell.swift */,
				135134682A66B4C500DCCF19 /* TableViewThreeModel.swift */,
				134864B42A67A25C00D8EB32 /* TableViewOneAndTwoCell.swift */,
				134864B52A67A25C00D8EB32 /* TableViewOneAndTwoCell.xib */,
			);
			path = AllTransaction;
			sourceTree = "<group>";
		};
		1360B6052A496A62001FD948 /* AuthenticationModel */ = {
			isa = PBXGroup;
			children = (
				1360B6062A496A7F001FD948 /* AuthenticationModel.swift */,
			);
			path = AuthenticationModel;
			sourceTree = "<group>";
		};
		136A00932A610ECE00A5E74E /* Notification */ = {
			isa = PBXGroup;
			children = (
				1396C8882A60279100FA4526 /* NotificationVC.swift */,
				136A00962A610F7500A5E74E /* NotificationVCCell.swift */,
				136A00972A610F7500A5E74E /* NotificationVCCell.xib */,
				136A009A2A61134000A5E74E /* NotificationVCModel.swift */,
			);
			path = Notification;
			sourceTree = "<group>";
		};
		136FE67F2A5BBD44006FDE26 /* Home */ = {
			isa = PBXGroup;
			children = (
				139314D12A528D8A00248D92 /* HomeVC.swift */,
				134864B82A67A89700D8EB32 /* More */,
				135134572A66661500DCCF19 /* AllTransaction */,
				137288B02A654D3500187267 /* Withdraw */,
				13D9D5732A55412700E3AE75 /* TransfersVC */,
				136A00932A610ECE00A5E74E /* Notification */,
			);
			path = Home;
			sourceTree = "<group>";
		};
		136FE6802A5BBD59006FDE26 /* MyCard */ = {
			isa = PBXGroup;
			children = (
				139314D32A528DAC00248D92 /* MyCardVC.swift */,
				136FE6852A5BD10F006FDE26 /* MyCardCell.swift */,
				136FE6872A5BD8E3006FDE26 /* AddNewCardVC.swift */,
				136FE6892A5BD9C7006FDE26 /* AddNewCardCellTableViewCell.swift */,
				136FE68B2A5BE721006FDE26 /* EditCardVC.swift */,
			);
			path = MyCard;
			sourceTree = "<group>";
		};
		136FE6812A5BBD66006FDE26 /* Activity */ = {
			isa = PBXGroup;
			children = (
				139314D52A528DC100248D92 /* ActivityVC.swift */,
				136A009C2A6122D700A5E74E /* CollectionViewOneCell.swift */,
				137288AC2A653C4800187267 /* CollectionViewTwoCell.swift */,
				137288AE2A653D6D00187267 /* CollectionViewTwoModel.swift */,
				137288A82A650B0A00187267 /* TableViewCell.swift */,
				137288AA2A650BF800187267 /* TableViewModel.swift */,
			);
			path = Activity;
			sourceTree = "<group>";
		};
		136FE6822A5BBD79006FDE26 /* Profile */ = {
			isa = PBXGroup;
			children = (
				139314D72A528DD900248D92 /* ProfileVC.swift */,
				136FE68D2A5C1BB1006FDE26 /* ProfileVCCell.swift */,
				13E69C322A5D4C2600313832 /* ReferralCode */,
				13E69C2F2A5D1B1600313832 /* AccountInfo */,
				13E69C382A5D4C4D00313832 /* Contact List */,
				13E69C372A5D4C4A00313832 /* Language */,
				13E69C362A5D4C4800313832 /* General Setting */,
				13E69C332A5D4C4100313832 /* FAQs */,
				13FAAB0B2A5FB5C600FD49AD /* Add FingerPrint */,
			);
			path = Profile;
			sourceTree = "<group>";
		};
		136FE6832A5BBD8C006FDE26 /* MainTab */ = {
			isa = PBXGroup;
			children = (
				13A2A3AC2A4EFE0200137315 /* MainTabVC.swift */,
			);
			path = MainTab;
			sourceTree = "<group>";
		};
		136FE6842A5BBDA5006FDE26 /* ScanQRCode */ = {
			isa = PBXGroup;
			children = (
				13DE6FB62A53F9E000384D8F /* ScanQRCodeVC.swift */,
			);
			path = ScanQRCode;
			sourceTree = "<group>";
		};
		137288B02A654D3500187267 /* Withdraw */ = {
			isa = PBXGroup;
			children = (
				137288B12A654D6200187267 /* WithdrawVC.swift */,
				137288B32A656C4600187267 /* SelectBankWithdrawVC.swift */,
				134864CC2A6803F000D8EB32 /* ChatAsistantVCTableViewModel.swift */,
			);
			path = Withdraw;
			sourceTree = "<group>";
		};
		137CE6772A4ADEC500B40F2D /* Onboarding */ = {
			isa = PBXGroup;
			children = (
				13A12AAB2A445F1A00532BC6 /* OnboardingVC.swift */,
				1326A7502A459A2300BB4E39 /* AuthenticationVC.swift */,
				133DE36A2A499042003C2C60 /* CountryofResidenceVC.swift */,
				133DE36C2A49B7F1003C2C60 /* OTPAuthenticationVC.swift */,
				137CE6752A4ADEB500B40F2D /* VerifyYourIdentityVC.swift */,
				137CE6782A4AF66100B40F2D /* ResetYourPasswordVC.swift */,
				137CE67A2A4B05F300B40F2D /* ReasonsVC.swift */,
				13BB00AD2A4C264900524C82 /* CreatePinVC.swift */,
				13BB00AF2A4C372A00524C82 /* VerifyIdentityVC.swift */,
				13BB00B12A4C4B6000524C82 /* CameraVC.swift */,
				13BB00B32A4C517700524C82 /* ProofOfResidencyVC.swift */,
				138924732A4D5B940018BBEF /* CreateCardVC.swift */,
				138924752A4D700E0018BBEF /* CardCell.swift */,
				138924772A4D80100018BBEF /* NewCardVC.swift */,
			);
			path = Onboarding;
			sourceTree = "<group>";
		};
		13A12A9B2A445F1A00532BC6 = {
			isa = PBXGroup;
			children = (
				13A12AA62A445F1A00532BC6 /* UberPath */,
				13A12AA52A445F1A00532BC6 /* Products */,
				553863077E72931B8F98B746 /* Pods */,
				4834731299117B92F6450414 /* Frameworks */,
			);
			sourceTree = "<group>";
		};
		13A12AA52A445F1A00532BC6 /* Products */ = {
			isa = PBXGroup;
			children = (
				13A12AA42A445F1A00532BC6 /* UberPath.app */,
			);
			name = Products;
			sourceTree = "<group>";
		};
		13A12AA62A445F1A00532BC6 /* UberPath */ = {
			isa = PBXGroup;
			children = (
				133DE3692A498BAA003C2C60 /* UberPath.entitlements */,
				13A12ABE2A445F7400532BC6 /* App */,
				1326A74A2A4565CD00BB4E39 /* Extensions */,
				13A12ABB2A445F4C00532BC6 /* Model */,
				13A12ABC2A445F5400532BC6 /* View */,
				13A12ABD2A445F5A00532BC6 /* Controller */,
				13A12ABF2A445F9100532BC6 /* Resources */,
				13A12AB52A445F1D00532BC6 /* Info.plist */,
				1360B5FC2A494A11001FD948 /* GoogleService-Info.plist */,
			);
			path = UberPath;
			sourceTree = "<group>";
		};
		13A12ABB2A445F4C00532BC6 /* Model */ = {
			isa = PBXGroup;
			children = (
				1360B6052A496A62001FD948 /* AuthenticationModel */,
			);
			path = Model;
			sourceTree = "<group>";
		};
		13A12ABC2A445F5400532BC6 /* View */ = {
			isa = PBXGroup;
			children = (
				13A12AC02A4465E700532BC6 /* Onboarding */,
				13A2A3A82A4EFD9D00137315 /* Home */,
			);
			path = View;
			sourceTree = "<group>";
		};
		13A12ABD2A445F5A00532BC6 /* Controller */ = {
			isa = PBXGroup;
			children = (
				137CE6772A4ADEC500B40F2D /* Onboarding */,
				13A2A3AB2A4EFDE700137315 /* Home */,
			);
			path = Controller;
			sourceTree = "<group>";
		};
		13A12ABE2A445F7400532BC6 /* App */ = {
			isa = PBXGroup;
			children = (
				13A12AA72A445F1A00532BC6 /* AppDelegate.swift */,
				13A12AA92A445F1A00532BC6 /* SceneDelegate.swift */,
			);
			path = App;
			sourceTree = "<group>";
		};
		13A12ABF2A445F9100532BC6 /* Resources */ = {
			isa = PBXGroup;
			children = (
				13A12AB22A445F1D00532BC6 /* LaunchScreen.storyboard */,
				13A12AB02A445F1D00532BC6 /* Assets.xcassets */,
			);
			name = Resources;
			sourceTree = "<group>";
		};
		13A12AC02A4465E700532BC6 /* Onboarding */ = {
			isa = PBXGroup;
			children = (
				13A12AAD2A445F1A00532BC6 /* Main.storyboard */,
			);
			path = Onboarding;
			sourceTree = "<group>";
		};
		13A2A3A82A4EFD9D00137315 /* Home */ = {
			isa = PBXGroup;
			children = (
				13A2A3A92A4EFDBC00137315 /* Home.storyboard */,
			);
			path = Home;
			sourceTree = "<group>";
		};
		13A2A3AB2A4EFDE700137315 /* Home */ = {
			isa = PBXGroup;
			children = (
				136FE6832A5BBD8C006FDE26 /* MainTab */,
				136FE67F2A5BBD44006FDE26 /* Home */,
				136FE6802A5BBD59006FDE26 /* MyCard */,
				136FE6812A5BBD66006FDE26 /* Activity */,
				136FE6822A5BBD79006FDE26 /* Profile */,
				136FE6842A5BBDA5006FDE26 /* ScanQRCode */,
			);
			path = Home;
			sourceTree = "<group>";
		};
		13D9D5732A55412700E3AE75 /* TransfersVC */ = {
			isa = PBXGroup;
			children = (
				136FF0222A57D99600907C9F /* TransfersVC.swift */,
				13D9D5742A55416A00E3AE75 /* ChooseCardsCell.swift */,
				13D9D5762A5541A300E3AE75 /* ChooseRecipientsCell.swift */,
				13E61B8C2A568C910047F43B /* TransferDetailVC.swift */,
				13CC92B12A56B8420024643B /* Model.swift */,
				13CC92B32A56DA250024643B /* TransferSuccessfulVC.swift */,
			);
			path = TransfersVC;
			sourceTree = "<group>";
		};
		13E69C2F2A5D1B1600313832 /* AccountInfo */ = {
			isa = PBXGroup;
			children = (
				136FE68F2A5C315D006FDE26 /* AccountInfoVC.swift */,
				13E69C302A5D1B5200313832 /* EditAccountVC.swift */,
			);
			path = AccountInfo;
			sourceTree = "<group>";
		};
		13E69C322A5D4C2600313832 /* ReferralCode */ = {
			isa = PBXGroup;
			children = (
				13E69C3A2A5D4D0B00313832 /* ReferralCodeVC.swift */,
			);
			path = ReferralCode;
			sourceTree = "<group>";
		};
		13E69C332A5D4C4100313832 /* FAQs */ = {
			isa = PBXGroup;
			children = (
				13E69C462A5D4DC300313832 /* FAQsVC.swift */,
				13FAAB0E2A5FBF8F00FD49AD /* cell.swift */,
				13FAAB102A5FC0D300FD49AD /* cellModelForFAQsVCCell.swift */,
			);
			path = FAQs;
			sourceTree = "<group>";
		};
		13E69C362A5D4C4800313832 /* General Setting */ = {
			isa = PBXGroup;
			children = (
				13E69C402A5D4D6300313832 /* GeneralSettingVC.swift */,
			);
			path = "General Setting";
			sourceTree = "<group>";
		};
		13E69C372A5D4C4A00313832 /* Language */ = {
			isa = PBXGroup;
			children = (
				13E69C3E2A5D4D4700313832 /* LanguageVC.swift */,
				13CD19072A5E62AF0014C3D0 /* LanguageVCCell.swift */,
				13CD190C2A5E82EC0014C3D0 /* CountryModel.swift */,
			);
			path = Language;
			sourceTree = "<group>";
		};
		13E69C382A5D4C4D00313832 /* Contact List */ = {
			isa = PBXGroup;
			children = (
				13E69C3C2A5D4D2D00313832 /* ContactListVC.swift */,
				13E69C4C2A5D7BD100313832 /* ContactsCell.swift */,
				13E69C4D2A5D7BD100313832 /* ContactsCell.xib */,
			);
			path = "Contact List";
			sourceTree = "<group>";
		};
		13FAAB0B2A5FB5C600FD49AD /* Add FingerPrint */ = {
			isa = PBXGroup;
			children = (
				13FAAB0C2A5FB5F300FD49AD /* AddFingerPrintVC.swift */,
			);
			path = "Add FingerPrint";
			sourceTree = "<group>";
		};
		4834731299117B92F6450414 /* Frameworks */ = {
			isa = PBXGroup;
			children = (
				D679975D5C7E94303A8549F2 /* Pods_UberPath.framework */,
			);
			name = Frameworks;
			sourceTree = "<group>";
		};
		553863077E72931B8F98B746 /* Pods */ = {
			isa = PBXGroup;
			children = (
				A63C70C62231FF3F1946BC21 /* Pods-UberPath.debug.xcconfig */,
				F30BDD2B9C74FD987E7BDB94 /* Pods-UberPath.release.xcconfig */,
			);
			path = Pods;
			sourceTree = "<group>";
		};
/* End PBXGroup section */

/* Begin PBXNativeTarget section */
		13A12AA32A445F1A00532BC6 /* UberPath */ = {
			isa = PBXNativeTarget;
			buildConfigurationList = 13A12AB82A445F1D00532BC6 /* Build configuration list for PBXNativeTarget "UberPath" */;
			buildPhases = (
				E1F90A4A5C8F4418BF70E3F6 /* [CP] Check Pods Manifest.lock */,
				13A12AA02A445F1A00532BC6 /* Sources */,
				13A12AA12A445F1A00532BC6 /* Frameworks */,
				13A12AA22A445F1A00532BC6 /* Resources */,
				B8A8D2CDF22A55B0D3EFB050 /* [CP] Embed Pods Frameworks */,
				483F5D60D708CB43CDB752B4 /* [CP] Copy Pods Resources */,
			);
			buildRules = (
			);
			dependencies = (
			);
			name = UberPath;
			packageProductDependencies = (
				137CE66F2A4AA3B200B40F2D /* FirebaseAuth */,
				137CE6712A4AA3B200B40F2D /* FirebaseFirestore */,
				137CE6732A4AA3B200B40F2D /* FirebaseFirestoreSwift */,
				136FF0252A57E04400907C9F /* IQKeyboardManagerSwift */,
				13CD190A2A5E6E250014C3D0 /* CountryKit */,
			);
			productName = UberPath;
			productReference = 13A12AA42A445F1A00532BC6 /* UberPath.app */;
			productType = "com.apple.product-type.application";
		};
/* End PBXNativeTarget section */

/* Begin PBXProject section */
		13A12A9C2A445F1A00532BC6 /* Project object */ = {
			isa = PBXProject;
			attributes = {
				BuildIndependentTargetsInParallel = 1;
				LastSwiftUpdateCheck = 1320;
				LastUpgradeCheck = 1320;
				TargetAttributes = {
					13A12AA32A445F1A00532BC6 = {
						CreatedOnToolsVersion = 13.2;
					};
				};
			};
			buildConfigurationList = 13A12A9F2A445F1A00532BC6 /* Build configuration list for PBXProject "UberPath" */;
			compatibilityVersion = "Xcode 12.0";
			developmentRegion = en;
			hasScannedForEncodings = 0;
			knownRegions = (
				en,
				Base,
			);
			mainGroup = 13A12A9B2A445F1A00532BC6;
			packageReferences = (
				137CE66E2A4AA3B200B40F2D /* XCRemoteSwiftPackageReference "firebase-ios-sdk" */,
				136FF0242A57E04400907C9F /* XCRemoteSwiftPackageReference "IQKeyboardManager" */,
				13CD19092A5E6E240014C3D0 /* XCRemoteSwiftPackageReference "CountryKit" */,
			);
			productRefGroup = 13A12AA52A445F1A00532BC6 /* Products */;
			projectDirPath = "";
			projectRoot = "";
			targets = (
				13A12AA32A445F1A00532BC6 /* UberPath */,
			);
		};
/* End PBXProject section */

/* Begin PBXResourcesBuildPhase section */
		13A12AA22A445F1A00532BC6 /* Resources */ = {
			isa = PBXResourcesBuildPhase;
			buildActionMask = 2147483647;
			files = (
				13E69C4F2A5D7BD100313832 /* ContactsCell.xib in Resources */,
				13A12AB42A445F1D00532BC6 /* LaunchScreen.storyboard in Resources */,
				13A2A3AA2A4EFDBC00137315 /* Home.storyboard in Resources */,
				136A00992A610F7500A5E74E /* NotificationVCCell.xib in Resources */,
				1360B5FD2A494A11001FD948 /* GoogleService-Info.plist in Resources */,
				134864B72A67A25C00D8EB32 /* TableViewOneAndTwoCell.xib in Resources */,
				13A12AB12A445F1D00532BC6 /* Assets.xcassets in Resources */,
				13A12AAF2A445F1A00532BC6 /* Main.storyboard in Resources */,
			);
			runOnlyForDeploymentPostprocessing = 0;
		};
/* End PBXResourcesBuildPhase section */

/* Begin PBXShellScriptBuildPhase section */
		483F5D60D708CB43CDB752B4 /* [CP] Copy Pods Resources */ = {
			isa = PBXShellScriptBuildPhase;
			buildActionMask = 2147483647;
			files = (
			);
			inputFileListPaths = (
				"${PODS_ROOT}/Target Support Files/Pods-UberPath/Pods-UberPath-resources-${CONFIGURATION}-input-files.xcfilelist",
			);
			name = "[CP] Copy Pods Resources";
			outputFileListPaths = (
				"${PODS_ROOT}/Target Support Files/Pods-UberPath/Pods-UberPath-resources-${CONFIGURATION}-output-files.xcfilelist",
			);
			runOnlyForDeploymentPostprocessing = 0;
			shellPath = /bin/sh;
			shellScript = "\"${PODS_ROOT}/Target Support Files/Pods-UberPath/Pods-UberPath-resources.sh\"\n";
			showEnvVarsInLog = 0;
		};
		B8A8D2CDF22A55B0D3EFB050 /* [CP] Embed Pods Frameworks */ = {
			isa = PBXShellScriptBuildPhase;
			buildActionMask = 2147483647;
			files = (
			);
			inputFileListPaths = (
				"${PODS_ROOT}/Target Support Files/Pods-UberPath/Pods-UberPath-frameworks-${CONFIGURATION}-input-files.xcfilelist",
			);
			name = "[CP] Embed Pods Frameworks";
			outputFileListPaths = (
				"${PODS_ROOT}/Target Support Files/Pods-UberPath/Pods-UberPath-frameworks-${CONFIGURATION}-output-files.xcfilelist",
			);
			runOnlyForDeploymentPostprocessing = 0;
			shellPath = /bin/sh;
			shellScript = "\"${PODS_ROOT}/Target Support Files/Pods-UberPath/Pods-UberPath-frameworks.sh\"\n";
			showEnvVarsInLog = 0;
		};
		E1F90A4A5C8F4418BF70E3F6 /* [CP] Check Pods Manifest.lock */ = {
			isa = PBXShellScriptBuildPhase;
			buildActionMask = 2147483647;
			files = (
			);
			inputFileListPaths = (
			);
			inputPaths = (
				"${PODS_PODFILE_DIR_PATH}/Podfile.lock",
				"${PODS_ROOT}/Manifest.lock",
			);
			name = "[CP] Check Pods Manifest.lock";
			outputFileListPaths = (
			);
			outputPaths = (
				"$(DERIVED_FILE_DIR)/Pods-UberPath-checkManifestLockResult.txt",
			);
			runOnlyForDeploymentPostprocessing = 0;
			shellPath = /bin/sh;
			shellScript = "diff \"${PODS_PODFILE_DIR_PATH}/Podfile.lock\" \"${PODS_ROOT}/Manifest.lock\" > /dev/null\nif [ $? != 0 ] ; then\n    # print error to STDERR\n    echo \"error: The sandbox is not in sync with the Podfile.lock. Run 'pod install' or update your CocoaPods installation.\" >&2\n    exit 1\nfi\n# This output is used by Xcode 'outputs' to avoid re-running this script phase.\necho \"SUCCESS\" > \"${SCRIPT_OUTPUT_FILE_0}\"\n";
			showEnvVarsInLog = 0;
		};
/* End PBXShellScriptBuildPhase section */

/* Begin PBXSourcesBuildPhase section */
		13A12AA02A445F1A00532BC6 /* Sources */ = {
			isa = PBXSourcesBuildPhase;
			buildActionMask = 2147483647;
			files = (
				137CE6762A4ADEB500B40F2D /* VerifyYourIdentityVC.swift in Sources */,
				13E69C4B2A5D584400313832 /* ImagePicker.swift in Sources */,
				136FE68C2A5BE721006FDE26 /* EditCardVC.swift in Sources */,
				134864B62A67A25C00D8EB32 /* TableViewOneAndTwoCell.swift in Sources */,
				134864CB2A67E70300D8EB32 /* ATMFinderResultVC.swift in Sources */,
				13A2A3AD2A4EFE0200137315 /* MainTabVC.swift in Sources */,
				134864BC2A67AA8000D8EB32 /* MoreVCTableViewCell.swift in Sources */,
				133DE36D2A49B7F1003C2C60 /* OTPAuthenticationVC.swift in Sources */,
				13E69C472A5D4DC300313832 /* FAQsVC.swift in Sources */,
				137288B42A656C4600187267 /* SelectBankWithdrawVC.swift in Sources */,
				136FE6862A5BD10F006FDE26 /* MyCardCell.swift in Sources */,
				137CE67B2A4B05F300B40F2D /* ReasonsVC.swift in Sources */,
				13DE6FB72A53F9E000384D8F /* ScanQRCodeVC.swift in Sources */,
				13CD190F2A5EC4B90014C3D0 /* IBinspectable.swift in Sources */,
				1326A7532A45A76200BB4E39 /* RoundRadius.swift in Sources */,
				1396C8892A60279100FA4526 /* NotificationVC.swift in Sources */,
				13D9D5752A55416A00E3AE75 /* ChooseCardsCell.swift in Sources */,
				134864C42A67B20600D8EB32 /* ChatAsistantVC.swift in Sources */,
				133DE36B2A499042003C2C60 /* CountryofResidenceVC.swift in Sources */,
				13BB00B02A4C372A00524C82 /* VerifyIdentityVC.swift in Sources */,
				137288AB2A650BF800187267 /* TableViewModel.swift in Sources */,
				13FAAB0D2A5FB5F300FD49AD /* AddFingerPrintVC.swift in Sources */,
				1326A74C2A4565DF00BB4E39 /* Fonts.swift in Sources */,
				135134692A66B4C500DCCF19 /* TableViewThreeModel.swift in Sources */,
				13BB00B22A4C4B6000524C82 /* CameraVC.swift in Sources */,
				137288AF2A653D6D00187267 /* CollectionViewTwoModel.swift in Sources */,
				135134592A66664300DCCF19 /* HistoryTrasactionVC.swift in Sources */,
				136FE68A2A5BD9C7006FDE26 /* AddNewCardCellTableViewCell.swift in Sources */,
				134864BA2A67A8B900D8EB32 /* MoreVC.swift in Sources */,
				13FAAB112A5FC0D300FD49AD /* cellModelForFAQsVCCell.swift in Sources */,
				13D9D5772A5541A300E3AE75 /* ChooseRecipientsCell.swift in Sources */,
				13A12AAC2A445F1A00532BC6 /* OnboardingVC.swift in Sources */,
				136A00982A610F7500A5E74E /* NotificationVCCell.swift in Sources */,
				13A12AA82A445F1A00532BC6 /* AppDelegate.swift in Sources */,
				13CC92B22A56B8420024643B /* Model.swift in Sources */,
				13E69C312A5D1B5200313832 /* EditAccountVC.swift in Sources */,
				137288AD2A653C4800187267 /* CollectionViewTwoCell.swift in Sources */,
				13CD190D2A5E82EC0014C3D0 /* CountryModel.swift in Sources */,
				137288B22A654D6200187267 /* WithdrawVC.swift in Sources */,
				136FE6882A5BD8E3006FDE26 /* AddNewCardVC.swift in Sources */,
				139314D62A528DC100248D92 /* ActivityVC.swift in Sources */,
				139314D82A528DD900248D92 /* ProfileVC.swift in Sources */,
				13A12AAA2A445F1A00532BC6 /* SceneDelegate.swift in Sources */,
				136A009B2A61134000A5E74E /* NotificationVCModel.swift in Sources */,
				1360B6072A496A7F001FD948 /* AuthenticationModel.swift in Sources */,
				137288A92A650B0A00187267 /* TableViewCell.swift in Sources */,
				138924742A4D5B940018BBEF /* CreateCardVC.swift in Sources */,
				134864C92A67C1D000D8EB32 /* ATMFinderDetailVC.swift in Sources */,
				13FAAB0F2A5FBF8F00FD49AD /* cell.swift in Sources */,
				136FE68E2A5C1BB1006FDE26 /* ProfileVCCell.swift in Sources */,
				134864C12A67B09100D8EB32 /* ATMFinderVC.swift in Sources */,
				13CD19082A5E62AF0014C3D0 /* LanguageVCCell.swift in Sources */,
				13BB00AE2A4C264900524C82 /* CreatePinVC.swift in Sources */,
				135134672A66B41A00DCCF19 /* TableViewThreeCell.swift in Sources */,
				13E69C3B2A5D4D0B00313832 /* ReferralCodeVC.swift in Sources */,
				13CC92B42A56DA250024643B /* TransferSuccessfulVC.swift in Sources */,
				139314D22A528D8A00248D92 /* HomeVC.swift in Sources */,
				139314D42A528DAC00248D92 /* MyCardVC.swift in Sources */,
				13E61B8D2A568C910047F43B /* TransferDetailVC.swift in Sources */,
				13BB00B42A4C517700524C82 /* ProofOfResidencyVC.swift in Sources */,
				137CE6792A4AF66100B40F2D /* ResetYourPasswordVC.swift in Sources */,
				136A009D2A6122D700A5E74E /* CollectionViewOneCell.swift in Sources */,
				136FE6902A5C315D006FDE26 /* AccountInfoVC.swift in Sources */,
				134864CF2A68056C00D8EB32 /* ChatAsistantVCTableViewCell.swift in Sources */,
				1326A7512A459A2300BB4E39 /* AuthenticationVC.swift in Sources */,
				138924762A4D700E0018BBEF /* CardCell.swift in Sources */,
				134864CD2A6803F000D8EB32 /* ChatAsistantVCTableViewModel.swift in Sources */,
				134864C72A67B22E00D8EB32 /* TopUpVC.swift in Sources */,
				138924782A4D80100018BBEF /* NewCardVC.swift in Sources */,
				136FF0232A57D99600907C9F /* TransfersVC.swift in Sources */,
				13E69C4E2A5D7BD100313832 /* ContactsCell.swift in Sources */,
				13E69C3D2A5D4D2D00313832 /* ContactListVC.swift in Sources */,
				13E69C412A5D4D6300313832 /* GeneralSettingVC.swift in Sources */,
				13E69C3F2A5D4D4700313832 /* LanguageVC.swift in Sources */,
			);
			runOnlyForDeploymentPostprocessing = 0;
		};
/* End PBXSourcesBuildPhase section */

/* Begin PBXVariantGroup section */
		13A12AAD2A445F1A00532BC6 /* Main.storyboard */ = {
			isa = PBXVariantGroup;
			children = (
				13A12AAE2A445F1A00532BC6 /* Base */,
			);
			name = Main.storyboard;
			sourceTree = "<group>";
		};
		13A12AB22A445F1D00532BC6 /* LaunchScreen.storyboard */ = {
			isa = PBXVariantGroup;
			children = (
				13A12AB32A445F1D00532BC6 /* Base */,
			);
			name = LaunchScreen.storyboard;
			sourceTree = "<group>";
		};
/* End PBXVariantGroup section */

/* Begin XCBuildConfiguration section */
		13A12AB62A445F1D00532BC6 /* Debug */ = {
			isa = XCBuildConfiguration;
			buildSettings = {
				ALWAYS_SEARCH_USER_PATHS = NO;
				CLANG_ANALYZER_NONNULL = YES;
				CLANG_ANALYZER_NUMBER_OBJECT_CONVERSION = YES_AGGRESSIVE;
				CLANG_CXX_LANGUAGE_STANDARD = "gnu++17";
				CLANG_CXX_LIBRARY = "libc++";
				CLANG_ENABLE_MODULES = YES;
				CLANG_ENABLE_OBJC_ARC = YES;
				CLANG_ENABLE_OBJC_WEAK = YES;
				CLANG_WARN_BLOCK_CAPTURE_AUTORELEASING = YES;
				CLANG_WARN_BOOL_CONVERSION = YES;
				CLANG_WARN_COMMA = YES;
				CLANG_WARN_CONSTANT_CONVERSION = YES;
				CLANG_WARN_DEPRECATED_OBJC_IMPLEMENTATIONS = YES;
				CLANG_WARN_DIRECT_OBJC_ISA_USAGE = YES_ERROR;
				CLANG_WARN_DOCUMENTATION_COMMENTS = YES;
				CLANG_WARN_EMPTY_BODY = YES;
				CLANG_WARN_ENUM_CONVERSION = YES;
				CLANG_WARN_INFINITE_RECURSION = YES;
				CLANG_WARN_INT_CONVERSION = YES;
				CLANG_WARN_NON_LITERAL_NULL_CONVERSION = YES;
				CLANG_WARN_OBJC_IMPLICIT_RETAIN_SELF = YES;
				CLANG_WARN_OBJC_LITERAL_CONVERSION = YES;
				CLANG_WARN_OBJC_ROOT_CLASS = YES_ERROR;
				CLANG_WARN_QUOTED_INCLUDE_IN_FRAMEWORK_HEADER = YES;
				CLANG_WARN_RANGE_LOOP_ANALYSIS = YES;
				CLANG_WARN_STRICT_PROTOTYPES = YES;
				CLANG_WARN_SUSPICIOUS_MOVE = YES;
				CLANG_WARN_UNGUARDED_AVAILABILITY = YES_AGGRESSIVE;
				CLANG_WARN_UNREACHABLE_CODE = YES;
				CLANG_WARN__DUPLICATE_METHOD_MATCH = YES;
				COPY_PHASE_STRIP = NO;
				DEBUG_INFORMATION_FORMAT = dwarf;
				ENABLE_STRICT_OBJC_MSGSEND = YES;
				ENABLE_TESTABILITY = YES;
				GCC_C_LANGUAGE_STANDARD = gnu11;
				GCC_DYNAMIC_NO_PIC = NO;
				GCC_NO_COMMON_BLOCKS = YES;
				GCC_OPTIMIZATION_LEVEL = 0;
				GCC_PREPROCESSOR_DEFINITIONS = (
					"DEBUG=1",
					"$(inherited)",
				);
				GCC_WARN_64_TO_32_BIT_CONVERSION = YES;
				GCC_WARN_ABOUT_RETURN_TYPE = YES_ERROR;
				GCC_WARN_UNDECLARED_SELECTOR = YES;
				GCC_WARN_UNINITIALIZED_AUTOS = YES_AGGRESSIVE;
				GCC_WARN_UNUSED_FUNCTION = YES;
				GCC_WARN_UNUSED_VARIABLE = YES;
				IPHONEOS_DEPLOYMENT_TARGET = 15.2;
				MTL_ENABLE_DEBUG_INFO = INCLUDE_SOURCE;
				MTL_FAST_MATH = YES;
				ONLY_ACTIVE_ARCH = YES;
				SDKROOT = iphoneos;
				SWIFT_ACTIVE_COMPILATION_CONDITIONS = DEBUG;
				SWIFT_OPTIMIZATION_LEVEL = "-Onone";
			};
			name = Debug;
		};
		13A12AB72A445F1D00532BC6 /* Release */ = {
			isa = XCBuildConfiguration;
			buildSettings = {
				ALWAYS_SEARCH_USER_PATHS = NO;
				CLANG_ANALYZER_NONNULL = YES;
				CLANG_ANALYZER_NUMBER_OBJECT_CONVERSION = YES_AGGRESSIVE;
				CLANG_CXX_LANGUAGE_STANDARD = "gnu++17";
				CLANG_CXX_LIBRARY = "libc++";
				CLANG_ENABLE_MODULES = YES;
				CLANG_ENABLE_OBJC_ARC = YES;
				CLANG_ENABLE_OBJC_WEAK = YES;
				CLANG_WARN_BLOCK_CAPTURE_AUTORELEASING = YES;
				CLANG_WARN_BOOL_CONVERSION = YES;
				CLANG_WARN_COMMA = YES;
				CLANG_WARN_CONSTANT_CONVERSION = YES;
				CLANG_WARN_DEPRECATED_OBJC_IMPLEMENTATIONS = YES;
				CLANG_WARN_DIRECT_OBJC_ISA_USAGE = YES_ERROR;
				CLANG_WARN_DOCUMENTATION_COMMENTS = YES;
				CLANG_WARN_EMPTY_BODY = YES;
				CLANG_WARN_ENUM_CONVERSION = YES;
				CLANG_WARN_INFINITE_RECURSION = YES;
				CLANG_WARN_INT_CONVERSION = YES;
				CLANG_WARN_NON_LITERAL_NULL_CONVERSION = YES;
				CLANG_WARN_OBJC_IMPLICIT_RETAIN_SELF = YES;
				CLANG_WARN_OBJC_LITERAL_CONVERSION = YES;
				CLANG_WARN_OBJC_ROOT_CLASS = YES_ERROR;
				CLANG_WARN_QUOTED_INCLUDE_IN_FRAMEWORK_HEADER = YES;
				CLANG_WARN_RANGE_LOOP_ANALYSIS = YES;
				CLANG_WARN_STRICT_PROTOTYPES = YES;
				CLANG_WARN_SUSPICIOUS_MOVE = YES;
				CLANG_WARN_UNGUARDED_AVAILABILITY = YES_AGGRESSIVE;
				CLANG_WARN_UNREACHABLE_CODE = YES;
				CLANG_WARN__DUPLICATE_METHOD_MATCH = YES;
				COPY_PHASE_STRIP = NO;
				DEBUG_INFORMATION_FORMAT = "dwarf-with-dsym";
				ENABLE_NS_ASSERTIONS = NO;
				ENABLE_STRICT_OBJC_MSGSEND = YES;
				GCC_C_LANGUAGE_STANDARD = gnu11;
				GCC_NO_COMMON_BLOCKS = YES;
				GCC_WARN_64_TO_32_BIT_CONVERSION = YES;
				GCC_WARN_ABOUT_RETURN_TYPE = YES_ERROR;
				GCC_WARN_UNDECLARED_SELECTOR = YES;
				GCC_WARN_UNINITIALIZED_AUTOS = YES_AGGRESSIVE;
				GCC_WARN_UNUSED_FUNCTION = YES;
				GCC_WARN_UNUSED_VARIABLE = YES;
				IPHONEOS_DEPLOYMENT_TARGET = 15.2;
				MTL_ENABLE_DEBUG_INFO = NO;
				MTL_FAST_MATH = YES;
				SDKROOT = iphoneos;
				SWIFT_COMPILATION_MODE = wholemodule;
				SWIFT_OPTIMIZATION_LEVEL = "-O";
				VALIDATE_PRODUCT = YES;
			};
			name = Release;
		};
		13A12AB92A445F1D00532BC6 /* Debug */ = {
			isa = XCBuildConfiguration;
			baseConfigurationReference = A63C70C62231FF3F1946BC21 /* Pods-UberPath.debug.xcconfig */;
			buildSettings = {
				ASSETCATALOG_COMPILER_APPICON_NAME = AppIcon;
				ASSETCATALOG_COMPILER_GLOBAL_ACCENT_COLOR_NAME = AccentColor;
				CODE_SIGN_ENTITLEMENTS = UberPath/UberPath.entitlements;
				CODE_SIGN_STYLE = Automatic;
				CURRENT_PROJECT_VERSION = 1;
				DEVELOPMENT_TEAM = M36758779V;
				GENERATE_INFOPLIST_FILE = YES;
				INFOPLIST_FILE = UberPath/Info.plist;
				INFOPLIST_KEY_UIApplicationSupportsIndirectInputEvents = YES;
				INFOPLIST_KEY_UILaunchStoryboardName = LaunchScreen;
				INFOPLIST_KEY_UIMainStoryboardFile = Main;
				INFOPLIST_KEY_UISupportedInterfaceOrientations_iPad = "UIInterfaceOrientationPortrait UIInterfaceOrientationPortraitUpsideDown UIInterfaceOrientationLandscapeLeft UIInterfaceOrientationLandscapeRight";
				INFOPLIST_KEY_UISupportedInterfaceOrientations_iPhone = "UIInterfaceOrientationPortrait UIInterfaceOrientationLandscapeLeft UIInterfaceOrientationLandscapeRight";
				IPHONEOS_DEPLOYMENT_TARGET = 14.0;
				LD_RUNPATH_SEARCH_PATHS = (
					"$(inherited)",
					"@executable_path/Frameworks",
				);
				MARKETING_VERSION = 1.0;
				PRODUCT_BUNDLE_IDENTIFIER = com.UberPath;
				PRODUCT_NAME = "$(TARGET_NAME)";
				SWIFT_EMIT_LOC_STRINGS = YES;
				SWIFT_VERSION = 5.0;
				TARGETED_DEVICE_FAMILY = "1,2";
			};
			name = Debug;
		};
		13A12ABA2A445F1D00532BC6 /* Release */ = {
			isa = XCBuildConfiguration;
			baseConfigurationReference = F30BDD2B9C74FD987E7BDB94 /* Pods-UberPath.release.xcconfig */;
			buildSettings = {
				ASSETCATALOG_COMPILER_APPICON_NAME = AppIcon;
				ASSETCATALOG_COMPILER_GLOBAL_ACCENT_COLOR_NAME = AccentColor;
				CODE_SIGN_ENTITLEMENTS = UberPath/UberPath.entitlements;
				CODE_SIGN_STYLE = Automatic;
				CURRENT_PROJECT_VERSION = 1;
				DEVELOPMENT_TEAM = M36758779V;
				GENERATE_INFOPLIST_FILE = YES;
				INFOPLIST_FILE = UberPath/Info.plist;
				INFOPLIST_KEY_UIApplicationSupportsIndirectInputEvents = YES;
				INFOPLIST_KEY_UILaunchStoryboardName = LaunchScreen;
				INFOPLIST_KEY_UIMainStoryboardFile = Main;
				INFOPLIST_KEY_UISupportedInterfaceOrientations_iPad = "UIInterfaceOrientationPortrait UIInterfaceOrientationPortraitUpsideDown UIInterfaceOrientationLandscapeLeft UIInterfaceOrientationLandscapeRight";
				INFOPLIST_KEY_UISupportedInterfaceOrientations_iPhone = "UIInterfaceOrientationPortrait UIInterfaceOrientationLandscapeLeft UIInterfaceOrientationLandscapeRight";
				IPHONEOS_DEPLOYMENT_TARGET = 14.0;
				LD_RUNPATH_SEARCH_PATHS = (
					"$(inherited)",
					"@executable_path/Frameworks",
				);
				MARKETING_VERSION = 1.0;
				PRODUCT_BUNDLE_IDENTIFIER = com.UberPath;
				PRODUCT_NAME = "$(TARGET_NAME)";
				SWIFT_EMIT_LOC_STRINGS = YES;
				SWIFT_VERSION = 5.0;
				TARGETED_DEVICE_FAMILY = "1,2";
			};
			name = Release;
		};
/* End XCBuildConfiguration section */

/* Begin XCConfigurationList section */
		13A12A9F2A445F1A00532BC6 /* Build configuration list for PBXProject "UberPath" */ = {
			isa = XCConfigurationList;
			buildConfigurations = (
				13A12AB62A445F1D00532BC6 /* Debug */,
				13A12AB72A445F1D00532BC6 /* Release */,
			);
			defaultConfigurationIsVisible = 0;
			defaultConfigurationName = Release;
		};
		13A12AB82A445F1D00532BC6 /* Build configuration list for PBXNativeTarget "UberPath" */ = {
			isa = XCConfigurationList;
			buildConfigurations = (
				13A12AB92A445F1D00532BC6 /* Debug */,
				13A12ABA2A445F1D00532BC6 /* Release */,
			);
			defaultConfigurationIsVisible = 0;
			defaultConfigurationName = Release;
		};
/* End XCConfigurationList section */

/* Begin XCRemoteSwiftPackageReference section */
		136FF0242A57E04400907C9F /* XCRemoteSwiftPackageReference "IQKeyboardManager" */ = {
			isa = XCRemoteSwiftPackageReference;
			repositoryURL = "https://github.com/hackiftekhar/IQKeyboardManager.git";
			requirement = {
				kind = exactVersion;
				version = 6.5.12;
			};
		};
		137CE66E2A4AA3B200B40F2D /* XCRemoteSwiftPackageReference "firebase-ios-sdk" */ = {
			isa = XCRemoteSwiftPackageReference;
			repositoryURL = "https://github.com/firebase/firebase-ios-sdk";
			requirement = {
				kind = exactVersion;
				version = 9.6.0;
			};
		};
		13CD19092A5E6E240014C3D0 /* XCRemoteSwiftPackageReference "CountryKit" */ = {
			isa = XCRemoteSwiftPackageReference;
			repositoryURL = "https://github.com/alemar11/CountryKit.git";
			requirement = {
				kind = exactVersion;
				version = 2.0.2;
			};
		};
/* End XCRemoteSwiftPackageReference section */

/* Begin XCSwiftPackageProductDependency section */
		136FF0252A57E04400907C9F /* IQKeyboardManagerSwift */ = {
			isa = XCSwiftPackageProductDependency;
			package = 136FF0242A57E04400907C9F /* XCRemoteSwiftPackageReference "IQKeyboardManager" */;
			productName = IQKeyboardManagerSwift;
		};
		137CE66F2A4AA3B200B40F2D /* FirebaseAuth */ = {
			isa = XCSwiftPackageProductDependency;
			package = 137CE66E2A4AA3B200B40F2D /* XCRemoteSwiftPackageReference "firebase-ios-sdk" */;
			productName = FirebaseAuth;
		};
		137CE6712A4AA3B200B40F2D /* FirebaseFirestore */ = {
			isa = XCSwiftPackageProductDependency;
			package = 137CE66E2A4AA3B200B40F2D /* XCRemoteSwiftPackageReference "firebase-ios-sdk" */;
			productName = FirebaseFirestore;
		};
		137CE6732A4AA3B200B40F2D /* FirebaseFirestoreSwift */ = {
			isa = XCSwiftPackageProductDependency;
			package = 137CE66E2A4AA3B200B40F2D /* XCRemoteSwiftPackageReference "firebase-ios-sdk" */;
			productName = FirebaseFirestoreSwift;
		};
		13CD190A2A5E6E250014C3D0 /* CountryKit */ = {
			isa = XCSwiftPackageProductDependency;
			package = 13CD19092A5E6E240014C3D0 /* XCRemoteSwiftPackageReference "CountryKit" */;
			productName = CountryKit;
		};
/* End XCSwiftPackageProductDependency section */
	};
	rootObject = 13A12A9C2A445F1A00532BC6 /* Project object */;
}
